
Microsoft Visual Studio Solution File, Format Version 12.00
# Visual Studio Version 17
VisualStudioVersion = 17.2.32616.157
MinimumVisualStudioVersion = 10.0.40219.1
Project("{FAE04EC0-301F-11D3-BF4B-00C04F79EFBC}") = "Marvel.Characters.API", "Marvel.Characters.API\Marvel.Characters.API.csproj", "{95B3B7EB-38B4-45DE-B4A1-F533CB9C13E1}"
EndProject
Project("{FAE04EC0-301F-11D3-BF4B-00C04F79EFBC}") = "Marvel.Characters.Application", "Marvel.Characters.Application\Marvel.Characters.Application.csproj", "{F9DFF17F-6FFE-4D33-B9A9-240FD6349E8C}"
EndProject
Project("{FAE04EC0-301F-11D3-BF4B-00C04F79EFBC}") = "Marvel.Characters.Domain", "Marvel.Characters.Domain\Marvel.Characters.Domain.csproj", "{331A8E1D-17AA-43D4-B3BF-10E24D6FFAFD}"
EndProject
Project("{FAE04EC0-301F-11D3-BF4B-00C04F79EFBC}") = "Marvel.Characters.Infra.Data", "Marvel.Characters.Infra.Data\Marvel.Characters.Infra.Data.csproj", "{298B97F5-61B1-4D91-96B5-D3AC9DD4F502}"
EndProject
Project("{FAE04EC0-301F-11D3-BF4B-00C04F79EFBC}") = "Marvel.Characters.Infra.IoC", "Marvel.Characters.Infra.IoC\Marvel.Characters.Infra.IoC.csproj", "{9B59DE3E-713E-4EF4-B93C-61D1EAFEB4FF}"
EndProject
Global
	GlobalSection(SolutionConfigurationPlatforms) = preSolution
		Debug|Any CPU = Debug|Any CPU
		Release|Any CPU = Release|Any CPU
	EndGlobalSection
	GlobalSection(ProjectConfigurationPlatforms) = postSolution
		{95B3B7EB-38B4-45DE-B4A1-F533CB9C13E1}.Debug|Any CPU.ActiveCfg = Debug|Any CPU
		{95B3B7EB-38B4-45DE-B4A1-F533CB9C13E1}.Debug|Any CPU.Build.0 = Debug|Any CPU
		{95B3B7EB-38B4-45DE-B4A1-F533CB9C13E1}.Release|Any CPU.ActiveCfg = Release|Any CPU
		{95B3B7EB-38B4-45DE-B4A1-F533CB9C13E1}.Release|Any CPU.Build.0 = Release|Any CPU
		{F9DFF17F-6FFE-4D33-B9A9-240FD6349E8C}.Debug|Any CPU.ActiveCfg = Debug|Any CPU
		{F9DFF17F-6FFE-4D33-B9A9-240FD6349E8C}.Debug|Any CPU.Build.0 = Debug|Any CPU
		{F9DFF17F-6FFE-4D33-B9A9-240FD6349E8C}.Release|Any CPU.ActiveCfg = Release|Any CPU
		{F9DFF17F-6FFE-4D33-B9A9-240FD6349E8C}.Release|Any CPU.Build.0 = Release|Any CPU
		{331A8E1D-17AA-43D4-B3BF-10E24D6FFAFD}.Debug|Any CPU.ActiveCfg = Debug|Any CPU
		{331A8E1D-17AA-43D4-B3BF-10E24D6FFAFD}.Debug|Any CPU.Build.0 = Debug|Any CPU
		{331A8E1D-17AA-43D4-B3BF-10E24D6FFAFD}.Release|Any CPU.ActiveCfg = Release|Any CPU
		{331A8E1D-17AA-43D4-B3BF-10E24D6FFAFD}.Release|Any CPU.Build.0 = Release|Any CPU
		{298B97F5-61B1-4D91-96B5-D3AC9DD4F502}.Debug|Any CPU.ActiveCfg = Debug|Any CPU
		{298B97F5-61B1-4D91-96B5-D3AC9DD4F502}.Debug|Any CPU.Build.0 = Debug|Any CPU
		{298B97F5-61B1-4D91-96B5-D3AC9DD4F502}.Release|Any CPU.ActiveCfg = Release|Any CPU
		{298B97F5-61B1-4D91-96B5-D3AC9DD4F502}.Release|Any CPU.Build.0 = Release|Any CPU
		{9B59DE3E-713E-4EF4-B93C-61D1EAFEB4FF}.Debug|Any CPU.ActiveCfg = Debug|Any CPU
		{9B59DE3E-713E-4EF4-B93C-61D1EAFEB4FF}.Debug|Any CPU.Build.0 = Debug|Any CPU
		{9B59DE3E-713E-4EF4-B93C-61D1EAFEB4FF}.Release|Any CPU.ActiveCfg = Release|Any CPU
		{9B59DE3E-713E-4EF4-B93C-61D1EAFEB4FF}.Release|Any CPU.Build.0 = Release|Any CPU
	EndGlobalSection
	GlobalSection(SolutionProperties) = preSolution
		HideSolutionNode = FALSE
	EndGlobalSection
	GlobalSection(ExtensibilityGlobals) = postSolution
		SolutionGuid = {62C773AC-7227-417F-9E46-2CCFC1812C83}
	EndGlobalSection
EndGlobal
